PODS:
  - Alamofire (5.1.0)
  - HBDNavigationBar (1.9.6)
  - Kingfisher (5.10.1):
    - Kingfisher/Core (= 5.10.1)
  - Kingfisher/Core (5.10.1)
  - Localize-Swift (2.0.0)
  - MJRefresh (3.7.5)
  - SnapKit (5.0.1)
  - WPAppKit (1.0.4):
    - WPAppKit/Cocoa (= 1.0.4)
    - WPAppKit/CodeScan (= 1.0.4)
    - WPAppKit/CustomView (= 1.0.4)
    - WPAppKit/OftenLib (= 1.0.4)
    - WPAppKit/ThirdKit (= 1.0.4)
    - WPAppKit/Tool (= 1.0.4)
    - WPAppKit/WPPopupView (= 1.0.4)
    - WPAppKit/WPWebView (= 1.0.4)
  - WPAppKit/Cocoa (1.0.4):
    - WPAppKit/Cocoa/Foundation (= 1.0.4)
    - WPAppKit/Cocoa/UIKit (= 1.0.4)
  - WPAppKit/Cocoa/Foundation (1.0.4)
  - WPAppKit/Cocoa/UIKit (1.0.4)
  - WPAppKit/CodeScan (1.0.4)
  - WPAppKit/CustomView (1.0.4):
    - WPAppKit/Cocoa
  - WPAppKit/OftenLib (1.0.4):
    - Alamofire (~> 5.1.0)
    - Localize-Swift (~> 2.0)
    - SnapKit (~> 5.0.1)
  - WPAppKit/ThirdKit (1.0.4):
    - WPAppKit/Cocoa
    - WPAppKit/ThirdKit/HBDNavigationBar (= 1.0.4)
    - WPAppKit/ThirdKit/Kingfisher (= 1.0.4)
    - WPAppKit/ThirdKit/MBProgressHUD (= 1.0.4)
    - WPAppKit/ThirdKit/MJRefresh (= 1.0.4)
  - WPAppKit/ThirdKit/HBDNavigationBar (1.0.4):
    - HBDNavigationBar (~> 1.9.5)
    - WPAppKit/Cocoa
  - WPAppKit/ThirdKit/Kingfisher (1.0.4):
    - Kingfisher (~> 5.10.0)
    - WPAppKit/Cocoa
  - WPAppKit/ThirdKit/MBProgressHUD (1.0.4):
    - WPAppKit/Cocoa
  - WPAppKit/ThirdKit/MJRefresh (1.0.4):
    - MJRefresh (~> 3.7.5)
    - WPAppKit/Cocoa
  - WPAppKit/Tool (1.0.4):
    - WPAppKit/Cocoa
  - WPAppKit/WPPopupView (1.0.4):
    - WPAppKit/Tool
  - WPAppKit/WPWebView (1.0.4)

DEPENDENCIES:
  - WPAppKit (from `../`)

SPEC REPOS:
  https://github.com/CocoaPods/Specs.git:
    - Alamofire
    - HBDNavigationBar
    - Kingfisher
    - Localize-Swift
    - MJRefresh
    - SnapKit

EXTERNAL SOURCES:
  WPAppKit:
    :path: "../"

SPEC CHECKSUMS:
  Alamofire: 9d5c5f602928e512395b30950c5984eca840093c
  HBDNavigationBar: a997b65ab7194271e5584b87a952fc851832f692
  Kingfisher: eb36b7dfcc78d60877051c92c119a2865972961a
  Localize-Swift: c798ec9286494866f7068f85f7c71283ac5bdab4
  MJRefresh: fdf5e979eb406a0341468932d1dfc8b7f9fce961
  SnapKit: 97b92857e3df3a0c71833cce143274bf6ef8e5eb
  WPAppKit: 1ca60b5ff5e6a3c02db60b329e3b128b507a9e43

PODFILE CHECKSUM: b3959e61758b01e6f6ea55f651749ab74e7345c9

COCOAPODS: 1.11.3
